
Microsoft Visual Studio Solution File, Format Version 12.00
# Visual Studio 15
VisualStudioVersion = 15.0.27512.0
MinimumVisualStudioVersion = 10.0.40219.1
Project("{888888A0-9F3D-457C-B088-3A5042F75D52}") = "BasicProject", "BasicProject\BasicProject.pyproj", "{9154ECD9-AB7F-43A3-87EC-761DAA2F1AF4}"
EndProject
Project("{888888A0-9F3D-457C-B088-3A5042F75D52}") = "DjangoWeb", "DjangoWeb\DjangoWeb.pyproj", "{C2D80547-FD9A-40FE-8C78-5A23E5AE25C4}"
EndProject
Project("{888888A0-9F3D-457C-B088-3A5042F75D52}") = "DjangoPolls", "DjangoPolls\DjangoPolls.pyproj", "{93C4A90B-9E3A-4D89-A39C-A780BD475577}"
EndProject
Global
	GlobalSection(SolutionConfigurationPlatforms) = preSolution
		Debug|Any CPU = Debug|Any CPU
		Release|Any CPU = Release|Any CPU
	EndGlobalSection
	GlobalSection(ProjectConfigurationPlatforms) = postSolution
		{9154ECD9-AB7F-43A3-87EC-761DAA2F1AF4}.Debug|Any CPU.ActiveCfg = Debug|Any CPU
		{9154ECD9-AB7F-43A3-87EC-761DAA2F1AF4}.Debug|Any CPU.Build.0 = Debug|Any CPU
		{9154ECD9-AB7F-43A3-87EC-761DAA2F1AF4}.Release|Any CPU.ActiveCfg = Release|Any CPU
		{9154ECD9-AB7F-43A3-87EC-761DAA2F1AF4}.Release|Any CPU.Build.0 = Release|Any CPU
		{C2D80547-FD9A-40FE-8C78-5A23E5AE25C4}.Debug|Any CPU.ActiveCfg = Debug|Any CPU
		{C2D80547-FD9A-40FE-8C78-5A23E5AE25C4}.Debug|Any CPU.Build.0 = Debug|Any CPU
		{C2D80547-FD9A-40FE-8C78-5A23E5AE25C4}.Release|Any CPU.ActiveCfg = Release|Any CPU
		{C2D80547-FD9A-40FE-8C78-5A23E5AE25C4}.Release|Any CPU.Build.0 = Release|Any CPU
		{93C4A90B-9E3A-4D89-A39C-A780BD475577}.Debug|Any CPU.ActiveCfg = Debug|Any CPU
		{93C4A90B-9E3A-4D89-A39C-A780BD475577}.Debug|Any CPU.Build.0 = Debug|Any CPU
		{93C4A90B-9E3A-4D89-A39C-A780BD475577}.Release|Any CPU.ActiveCfg = Release|Any CPU
		{93C4A90B-9E3A-4D89-A39C-A780BD475577}.Release|Any CPU.Build.0 = Release|Any CPU
	EndGlobalSection
	GlobalSection(SolutionProperties) = preSolution
		HideSolutionNode = FALSE
	EndGlobalSection
	GlobalSection(ExtensibilityGlobals) = postSolution
		SolutionGuid = {56C11A77-66A4-4089-89F0-015A2CDFF3E8}
	EndGlobalSection
EndGlobal
